// !$*UTF8*$!
{
	archiveVersion = 1;
	classes = {
	};
	objectVersion = 77;
	objects = {

/* Begin PBXBuildFile section */
		55155AE12CFD5BCF003D5F14 /* GRDB in Frameworks */ = {isa = PBXBuildFile; productRef = 55155AE02CFD5BCF003D5F14 /* GRDB */; };
		555F0B842D07AD53003A1CA7 /* SDWebImageSwiftUI in Frameworks */ = {isa = PBXBuildFile; productRef = 555F0B832D07AD53003A1CA7 /* SDWebImageSwiftUI */; };
		5588B8552E0A30A1004CDAA2 /* IdentifiedCollections in Frameworks */ = {isa = PBXBuildFile; productRef = 5588B8542E0A30A1004CDAA2 /* IdentifiedCollections */; };
		55949B882CFA7EAD002D1C46 /* Swinject in Frameworks */ = {isa = PBXBuildFile; productRef = 55949B872CFA7EAD002D1C46 /* Swinject */; };
		55AAB5322D3A9E3E006816B2 /* MarkdownUI in Frameworks */ = {isa = PBXBuildFile; productRef = 55AAB5312D3A9E3E006816B2 /* MarkdownUI */; };
		55C7421F2CFD1E4300853D4E /* SwiftyJSON in Frameworks */ = {isa = PBXBuildFile; productRef = 55C7421E2CFD1E4300853D4E /* SwiftyJSON */; };
		824357B22CFCFF1A0091EFF1 /* Alamofire in Frameworks */ = {isa = PBXBuildFile; productRef = 824357B12CFCFF1A0091EFF1 /* Alamofire */; };
/* End PBXBuildFile section */

/* Begin PBXContainerItemProxy section */
		559BD2462CF7D58600621685 /* PBXContainerItemProxy */ = {
			isa = PBXContainerItemProxy;
			containerPortal = 559BD22B2CF7D58500621685 /* Project object */;
			proxyType = 1;
			remoteGlobalIDString = 559BD2322CF7D58500621685;
			remoteInfo = "Infinity for Reddit";
		};
		559BD2502CF7D58600621685 /* PBXContainerItemProxy */ = {
			isa = PBXContainerItemProxy;
			containerPortal = 559BD22B2CF7D58500621685 /* Project object */;
			proxyType = 1;
			remoteGlobalIDString = 559BD2322CF7D58500621685;
			remoteInfo = "Infinity for Reddit";
		};
/* End PBXContainerItemProxy section */

/* Begin PBXFileReference section */
		559BD2332CF7D58500621685 /* Infinity for Reddit.app */ = {isa = PBXFileReference; explicitFileType = wrapper.application; includeInIndex = 0; path = "Infinity for Reddit.app"; sourceTree = BUILT_PRODUCTS_DIR; };
		559BD2452CF7D58600621685 /* Infinity for RedditTests.xctest */ = {isa = PBXFileReference; explicitFileType = wrapper.cfbundle; includeInIndex = 0; path = "Infinity for RedditTests.xctest"; sourceTree = BUILT_PRODUCTS_DIR; };
		559BD24F2CF7D58600621685 /* Infinity for RedditUITests.xctest */ = {isa = PBXFileReference; explicitFileType = wrapper.cfbundle; includeInIndex = 0; path = "Infinity for RedditUITests.xctest"; sourceTree = BUILT_PRODUCTS_DIR; };
/* End PBXFileReference section */

/* Begin PBXFileSystemSynchronizedRootGroup section */
		559BD2352CF7D58500621685 /* Infinity for Reddit */ = {
			isa = PBXFileSystemSynchronizedRootGroup;
			path = "Infinity for Reddit";
			sourceTree = "<group>";
		};
		559BD2482CF7D58600621685 /* Infinity for RedditTests */ = {
			isa = PBXFileSystemSynchronizedRootGroup;
			path = "Infinity for RedditTests";
			sourceTree = "<group>";
		};
		559BD2522CF7D58600621685 /* Infinity for RedditUITests */ = {
			isa = PBXFileSystemSynchronizedRootGroup;
			path = "Infinity for RedditUITests";
			sourceTree = "<group>";
		};
/* End PBXFileSystemSynchronizedRootGroup section */

/* Begin PBXFrameworksBuildPhase section */
		559BD2302CF7D58500621685 /* Frameworks */ = {
			isa = PBXFrameworksBuildPhase;
			buildActionMask = 2147483647;
			files = (
				555F0B842D07AD53003A1CA7 /* SDWebImageSwiftUI in Frameworks */,
				55949B882CFA7EAD002D1C46 /* Swinject in Frameworks */,
				55C7421F2CFD1E4300853D4E /* SwiftyJSON in Frameworks */,
				55AAB5322D3A9E3E006816B2 /* MarkdownUI in Frameworks */,
				5588B8552E0A30A1004CDAA2 /* IdentifiedCollections in Frameworks */,
				824357B22CFCFF1A0091EFF1 /* Alamofire in Frameworks */,
				55155AE12CFD5BCF003D5F14 /* GRDB in Frameworks */,
			);
			runOnlyForDeploymentPostprocessing = 0;
		};
		559BD2422CF7D58600621685 /* Frameworks */ = {
			isa = PBXFrameworksBuildPhase;
			buildActionMask = 2147483647;
			files = (
			);
			runOnlyForDeploymentPostprocessing = 0;
		};
		559BD24C2CF7D58600621685 /* Frameworks */ = {
			isa = PBXFrameworksBuildPhase;
			buildActionMask = 2147483647;
			files = (
			);
			runOnlyForDeploymentPostprocessing = 0;
		};
/* End PBXFrameworksBuildPhase section */

/* Begin PBXGroup section */
		559BD22A2CF7D58500621685 = {
			isa = PBXGroup;
			children = (
				559BD2352CF7D58500621685 /* Infinity for Reddit */,
				559BD2482CF7D58600621685 /* Infinity for RedditTests */,
				559BD2522CF7D58600621685 /* Infinity for RedditUITests */,
				559BD2342CF7D58500621685 /* Products */,
			);
			sourceTree = "<group>";
		};
		559BD2342CF7D58500621685 /* Products */ = {
			isa = PBXGroup;
			children = (
				559BD2332CF7D58500621685 /* Infinity for Reddit.app */,
				559BD2452CF7D58600621685 /* Infinity for RedditTests.xctest */,
				559BD24F2CF7D58600621685 /* Infinity for RedditUITests.xctest */,
			);
			name = Products;
			sourceTree = "<group>";
		};
/* End PBXGroup section */

/* Begin PBXNativeTarget section */
		559BD2322CF7D58500621685 /* Infinity for Reddit */ = {
			isa = PBXNativeTarget;
			buildConfigurationList = 559BD2592CF7D58600621685 /* Build configuration list for PBXNativeTarget "Infinity for Reddit" */;
			buildPhases = (
				559BD22F2CF7D58500621685 /* Sources */,
				559BD2302CF7D58500621685 /* Frameworks */,
				559BD2312CF7D58500621685 /* Resources */,
			);
			buildRules = (
			);
			dependencies = (
			);
			fileSystemSynchronizedGroups = (
				559BD2352CF7D58500621685 /* Infinity for Reddit */,
			);
			name = "Infinity for Reddit";
			packageProductDependencies = (
				55949B872CFA7EAD002D1C46 /* Swinject */,
				824357B12CFCFF1A0091EFF1 /* Alamofire */,
				55C7421E2CFD1E4300853D4E /* SwiftyJSON */,
				55155AE02CFD5BCF003D5F14 /* GRDB */,
				555F0B832D07AD53003A1CA7 /* SDWebImageSwiftUI */,
				55AAB5312D3A9E3E006816B2 /* MarkdownUI */,
				5588B8542E0A30A1004CDAA2 /* IdentifiedCollections */,
			);
			productName = "Infinity for Reddit";
			productReference = 559BD2332CF7D58500621685 /* Infinity for Reddit.app */;
			productType = "com.apple.product-type.application";
		};
		559BD2442CF7D58600621685 /* Infinity for RedditTests */ = {
			isa = PBXNativeTarget;
			buildConfigurationList = 559BD25C2CF7D58600621685 /* Build configuration list for PBXNativeTarget "Infinity for RedditTests" */;
			buildPhases = (
				559BD2412CF7D58600621685 /* Sources */,
				559BD2422CF7D58600621685 /* Frameworks */,
				559BD2432CF7D58600621685 /* Resources */,
			);
			buildRules = (
			);
			dependencies = (
				559BD2472CF7D58600621685 /* PBXTargetDependency */,
			);
			fileSystemSynchronizedGroups = (
				559BD2482CF7D58600621685 /* Infinity for RedditTests */,
			);
			name = "Infinity for RedditTests";
			packageProductDependencies = (
			);
			productName = "Infinity for RedditTests";
			productReference = 559BD2452CF7D58600621685 /* Infinity for RedditTests.xctest */;
			productType = "com.apple.product-type.bundle.unit-test";
		};
		559BD24E2CF7D58600621685 /* Infinity for RedditUITests */ = {
			isa = PBXNativeTarget;
			buildConfigurationList = 559BD25F2CF7D58600621685 /* Build configuration list for PBXNativeTarget "Infinity for RedditUITests" */;
			buildPhases = (
				559BD24B2CF7D58600621685 /* Sources */,
				559BD24C2CF7D58600621685 /* Frameworks */,
				559BD24D2CF7D58600621685 /* Resources */,
			);
			buildRules = (
			);
			dependencies = (
				559BD2512CF7D58600621685 /* PBXTargetDependency */,
			);
			fileSystemSynchronizedGroups = (
				559BD2522CF7D58600621685 /* Infinity for RedditUITests */,
			);
			name = "Infinity for RedditUITests";
			packageProductDependencies = (
			);
			productName = "Infinity for RedditUITests";
			productReference = 559BD24F2CF7D58600621685 /* Infinity for RedditUITests.xctest */;
			productType = "com.apple.product-type.bundle.ui-testing";
		};
/* End PBXNativeTarget section */

/* Begin PBXProject section */
		559BD22B2CF7D58500621685 /* Project object */ = {
			isa = PBXProject;
			attributes = {
				BuildIndependentTargetsInParallel = 1;
				LastSwiftUpdateCheck = 1610;
				LastUpgradeCheck = 1610;
				TargetAttributes = {
					559BD2322CF7D58500621685 = {
						CreatedOnToolsVersion = 16.1;
					};
					559BD2442CF7D58600621685 = {
						CreatedOnToolsVersion = 16.1;
						TestTargetID = 559BD2322CF7D58500621685;
					};
					559BD24E2CF7D58600621685 = {
						CreatedOnToolsVersion = 16.1;
						TestTargetID = 559BD2322CF7D58500621685;
					};
				};
			};
			buildConfigurationList = 559BD22E2CF7D58500621685 /* Build configuration list for PBXProject "Infinity for Reddit" */;
			developmentRegion = en;
			hasScannedForEncodings = 0;
			knownRegions = (
				en,
				Base,
			);
			mainGroup = 559BD22A2CF7D58500621685;
			minimizedProjectReferenceProxies = 1;
			packageReferences = (
				55949B862CFA7EAD002D1C46 /* XCRemoteSwiftPackageReference "Swinject" */,
				824357B02CFCFF1A0091EFF1 /* XCRemoteSwiftPackageReference "Alamofire" */,
				55C7421D2CFD1E4300853D4E /* XCRemoteSwiftPackageReference "SwiftyJSON" */,
				55155ADF2CFD5BCF003D5F14 /* XCRemoteSwiftPackageReference "GRDB.swift" */,
				555F0B822D07AD53003A1CA7 /* XCRemoteSwiftPackageReference "SDWebImageSwiftUI" */,
				55AAB5302D3A9E3E006816B2 /* XCRemoteSwiftPackageReference "swift-markdown-ui" */,
				5588B8532E0A30A1004CDAA2 /* XCRemoteSwiftPackageReference "swift-identified-collections" */,
			);
			preferredProjectObjectVersion = 77;
			productRefGroup = 559BD2342CF7D58500621685 /* Products */;
			projectDirPath = "";
			projectRoot = "";
			targets = (
				559BD2322CF7D58500621685 /* Infinity for Reddit */,
				559BD2442CF7D58600621685 /* Infinity for RedditTests */,
				559BD24E2CF7D58600621685 /* Infinity for RedditUITests */,
			);
		};
/* End PBXProject section */

/* Begin PBXResourcesBuildPhase section */
		559BD2312CF7D58500621685 /* Resources */ = {
			isa = PBXResourcesBuildPhase;
			buildActionMask = 2147483647;
			files = (
			);
			runOnlyForDeploymentPostprocessing = 0;
		};
		559BD2432CF7D58600621685 /* Resources */ = {
			isa = PBXResourcesBuildPhase;
			buildActionMask = 2147483647;
			files = (
			);
			runOnlyForDeploymentPostprocessing = 0;
		};
		559BD24D2CF7D58600621685 /* Resources */ = {
			isa = PBXResourcesBuildPhase;
			buildActionMask = 2147483647;
			files = (
			);
			runOnlyForDeploymentPostprocessing = 0;
		};
/* End PBXResourcesBuildPhase section */

/* Begin PBXSourcesBuildPhase section */
		559BD22F2CF7D58500621685 /* Sources */ = {
			isa = PBXSourcesBuildPhase;
			buildActionMask = 2147483647;
			files = (
			);
			runOnlyForDeploymentPostprocessing = 0;
		};
		559BD2412CF7D58600621685 /* Sources */ = {
			isa = PBXSourcesBuildPhase;
			buildActionMask = 2147483647;
			files = (
			);
			runOnlyForDeploymentPostprocessing = 0;
		};
		559BD24B2CF7D58600621685 /* Sources */ = {
			isa = PBXSourcesBuildPhase;
			buildActionMask = 2147483647;
			files = (
			);
			runOnlyForDeploymentPostprocessing = 0;
		};
/* End PBXSourcesBuildPhase section */

/* Begin PBXTargetDependency section */
		559BD2472CF7D58600621685 /* PBXTargetDependency */ = {
			isa = PBXTargetDependency;
			target = 559BD2322CF7D58500621685 /* Infinity for Reddit */;
			targetProxy = 559BD2462CF7D58600621685 /* PBXContainerItemProxy */;
		};
		559BD2512CF7D58600621685 /* PBXTargetDependency */ = {
			isa = PBXTargetDependency;
			target = 559BD2322CF7D58500621685 /* Infinity for Reddit */;
			targetProxy = 559BD2502CF7D58600621685 /* PBXContainerItemProxy */;
		};
/* End PBXTargetDependency section */

/* Begin XCBuildConfiguration section */
		559BD2572CF7D58600621685 /* Debug */ = {
			isa = XCBuildConfiguration;
			buildSettings = {
				ALWAYS_SEARCH_USER_PATHS = NO;
				ASSETCATALOG_COMPILER_GENERATE_SWIFT_ASSET_SYMBOL_EXTENSIONS = YES;
				CLANG_ANALYZER_NONNULL = YES;
				CLANG_ANALYZER_NUMBER_OBJECT_CONVERSION = YES_AGGRESSIVE;
				CLANG_CXX_LANGUAGE_STANDARD = "gnu++20";
				CLANG_ENABLE_MODULES = YES;
				CLANG_ENABLE_OBJC_ARC = YES;
				CLANG_ENABLE_OBJC_WEAK = YES;
				CLANG_WARN_BLOCK_CAPTURE_AUTORELEASING = YES;
				CLANG_WARN_BOOL_CONVERSION = YES;
				CLANG_WARN_COMMA = YES;
				CLANG_WARN_CONSTANT_CONVERSION = YES;
				CLANG_WARN_DEPRECATED_OBJC_IMPLEMENTATIONS = YES;
				CLANG_WARN_DIRECT_OBJC_ISA_USAGE = YES_ERROR;
				CLANG_WARN_DOCUMENTATION_COMMENTS = YES;
				CLANG_WARN_EMPTY_BODY = YES;
				CLANG_WARN_ENUM_CONVERSION = YES;
				CLANG_WARN_INFINITE_RECURSION = YES;
				CLANG_WARN_INT_CONVERSION = YES;
				CLANG_WARN_NON_LITERAL_NULL_CONVERSION = YES;
				CLANG_WARN_OBJC_IMPLICIT_RETAIN_SELF = YES;
				CLANG_WARN_OBJC_LITERAL_CONVERSION = YES;
				CLANG_WARN_OBJC_ROOT_CLASS = YES_ERROR;
				CLANG_WARN_QUOTED_INCLUDE_IN_FRAMEWORK_HEADER = YES;
				CLANG_WARN_RANGE_LOOP_ANALYSIS = YES;
				CLANG_WARN_STRICT_PROTOTYPES = YES;
				CLANG_WARN_SUSPICIOUS_MOVE = YES;
				CLANG_WARN_UNGUARDED_AVAILABILITY = YES_AGGRESSIVE;
				CLANG_WARN_UNREACHABLE_CODE = YES;
				CLANG_WARN__DUPLICATE_METHOD_MATCH = YES;
				COPY_PHASE_STRIP = NO;
				DEBUG_INFORMATION_FORMAT = dwarf;
				ENABLE_STRICT_OBJC_MSGSEND = YES;
				ENABLE_TESTABILITY = YES;
				ENABLE_USER_SCRIPT_SANDBOXING = YES;
				GCC_C_LANGUAGE_STANDARD = gnu17;
				GCC_DYNAMIC_NO_PIC = NO;
				GCC_NO_COMMON_BLOCKS = YES;
				GCC_OPTIMIZATION_LEVEL = 0;
				GCC_PREPROCESSOR_DEFINITIONS = (
					"DEBUG=1",
					"$(inherited)",
				);
				GCC_WARN_64_TO_32_BIT_CONVERSION = YES;
				GCC_WARN_ABOUT_RETURN_TYPE = YES_ERROR;
				GCC_WARN_UNDECLARED_SELECTOR = YES;
				GCC_WARN_UNINITIALIZED_AUTOS = YES_AGGRESSIVE;
				GCC_WARN_UNUSED_FUNCTION = YES;
				GCC_WARN_UNUSED_VARIABLE = YES;
				IPHONEOS_DEPLOYMENT_TARGET = 18.1;
				LOCALIZATION_PREFERS_STRING_CATALOGS = YES;
				MTL_ENABLE_DEBUG_INFO = INCLUDE_SOURCE;
				MTL_FAST_MATH = YES;
				ONLY_ACTIVE_ARCH = YES;
				SDKROOT = iphoneos;
				SWIFT_ACTIVE_COMPILATION_CONDITIONS = "DEBUG $(inherited)";
				SWIFT_EMIT_LOC_STRINGS = YES;
				SWIFT_OPTIMIZATION_LEVEL = "-Onone";
			};
			name = Debug;
		};
		559BD2582CF7D58600621685 /* Release */ = {
			isa = XCBuildConfiguration;
			buildSettings = {
				ALWAYS_SEARCH_USER_PATHS = NO;
				ASSETCATALOG_COMPILER_GENERATE_SWIFT_ASSET_SYMBOL_EXTENSIONS = YES;
				CLANG_ANALYZER_NONNULL = YES;
				CLANG_ANALYZER_NUMBER_OBJECT_CONVERSION = YES_AGGRESSIVE;
				CLANG_CXX_LANGUAGE_STANDARD = "gnu++20";
				CLANG_ENABLE_MODULES = YES;
				CLANG_ENABLE_OBJC_ARC = YES;
				CLANG_ENABLE_OBJC_WEAK = YES;
				CLANG_WARN_BLOCK_CAPTURE_AUTORELEASING = YES;
				CLANG_WARN_BOOL_CONVERSION = YES;
				CLANG_WARN_COMMA = YES;
				CLANG_WARN_CONSTANT_CONVERSION = YES;
				CLANG_WARN_DEPRECATED_OBJC_IMPLEMENTATIONS = YES;
				CLANG_WARN_DIRECT_OBJC_ISA_USAGE = YES_ERROR;
				CLANG_WARN_DOCUMENTATION_COMMENTS = YES;
				CLANG_WARN_EMPTY_BODY = YES;
				CLANG_WARN_ENUM_CONVERSION = YES;
				CLANG_WARN_INFINITE_RECURSION = YES;
				CLANG_WARN_INT_CONVERSION = YES;
				CLANG_WARN_NON_LITERAL_NULL_CONVERSION = YES;
				CLANG_WARN_OBJC_IMPLICIT_RETAIN_SELF = YES;
				CLANG_WARN_OBJC_LITERAL_CONVERSION = YES;
				CLANG_WARN_OBJC_ROOT_CLASS = YES_ERROR;
				CLANG_WARN_QUOTED_INCLUDE_IN_FRAMEWORK_HEADER = YES;
				CLANG_WARN_RANGE_LOOP_ANALYSIS = YES;
				CLANG_WARN_STRICT_PROTOTYPES = YES;
				CLANG_WARN_SUSPICIOUS_MOVE = YES;
				CLANG_WARN_UNGUARDED_AVAILABILITY = YES_AGGRESSIVE;
				CLANG_WARN_UNREACHABLE_CODE = YES;
				CLANG_WARN__DUPLICATE_METHOD_MATCH = YES;
				COPY_PHASE_STRIP = NO;
				DEBUG_INFORMATION_FORMAT = "dwarf-with-dsym";
				ENABLE_NS_ASSERTIONS = NO;
				ENABLE_STRICT_OBJC_MSGSEND = YES;
				ENABLE_USER_SCRIPT_SANDBOXING = YES;
				GCC_C_LANGUAGE_STANDARD = gnu17;
				GCC_NO_COMMON_BLOCKS = YES;
				GCC_WARN_64_TO_32_BIT_CONVERSION = YES;
				GCC_WARN_ABOUT_RETURN_TYPE = YES_ERROR;
				GCC_WARN_UNDECLARED_SELECTOR = YES;
				GCC_WARN_UNINITIALIZED_AUTOS = YES_AGGRESSIVE;
				GCC_WARN_UNUSED_FUNCTION = YES;
				GCC_WARN_UNUSED_VARIABLE = YES;
				IPHONEOS_DEPLOYMENT_TARGET = 18.1;
				LOCALIZATION_PREFERS_STRING_CATALOGS = YES;
				MTL_ENABLE_DEBUG_INFO = NO;
				MTL_FAST_MATH = YES;
				SDKROOT = iphoneos;
				SWIFT_COMPILATION_MODE = wholemodule;
				SWIFT_EMIT_LOC_STRINGS = YES;
				VALIDATE_PRODUCT = YES;
			};
			name = Release;
		};
		559BD25A2CF7D58600621685 /* Debug */ = {
			isa = XCBuildConfiguration;
			buildSettings = {
				ASSETCATALOG_COMPILER_APPICON_NAME = AppIcon;
				ASSETCATALOG_COMPILER_GLOBAL_ACCENT_COLOR_NAME = AccentColor;
				CODE_SIGN_STYLE = Automatic;
				CURRENT_PROJECT_VERSION = 1;
				DEVELOPMENT_ASSET_PATHS = "\"Infinity for Reddit/Preview Content\"";
				DEVELOPMENT_TEAM = 5372BY2RR8;
				ENABLE_PREVIEWS = YES;
				GENERATE_INFOPLIST_FILE = YES;
				INFOPLIST_KEY_UIApplicationSceneManifest_Generation = YES;
				INFOPLIST_KEY_UIApplicationSupportsIndirectInputEvents = YES;
				INFOPLIST_KEY_UILaunchScreen_Generation = YES;
				INFOPLIST_KEY_UISupportedInterfaceOrientations_iPad = "UIInterfaceOrientationPortrait UIInterfaceOrientationPortraitUpsideDown UIInterfaceOrientationLandscapeLeft UIInterfaceOrientationLandscapeRight";
				INFOPLIST_KEY_UISupportedInterfaceOrientations_iPhone = "UIInterfaceOrientationPortrait UIInterfaceOrientationLandscapeLeft UIInterfaceOrientationLandscapeRight";
				LD_RUNPATH_SEARCH_PATHS = (
					"$(inherited)",
					"@executable_path/Frameworks",
				);
				MARKETING_VERSION = 1.0;
				PRODUCT_BUNDLE_IDENTIFIER = "com.docilealligator.Infinity-for-Reddit";
				PRODUCT_NAME = "$(TARGET_NAME)";
				SWIFT_EMIT_LOC_STRINGS = YES;
				SWIFT_VERSION = 5.0;
				TARGETED_DEVICE_FAMILY = "1,2";
			};
			name = Debug;
		};
		559BD25B2CF7D58600621685 /* Release */ = {
			isa = XCBuildConfiguration;
			buildSettings = {
				ASSETCATALOG_COMPILER_APPICON_NAME = AppIcon;
				ASSETCATALOG_COMPILER_GLOBAL_ACCENT_COLOR_NAME = AccentColor;
				CODE_SIGN_STYLE = Automatic;
				CURRENT_PROJECT_VERSION = 1;
				DEVELOPMENT_ASSET_PATHS = "\"Infinity for Reddit/Preview Content\"";
				DEVELOPMENT_TEAM = 5372BY2RR8;
				ENABLE_PREVIEWS = YES;
				GENERATE_INFOPLIST_FILE = YES;
				INFOPLIST_KEY_UIApplicationSceneManifest_Generation = YES;
				INFOPLIST_KEY_UIApplicationSupportsIndirectInputEvents = YES;
				INFOPLIST_KEY_UILaunchScreen_Generation = YES;
				INFOPLIST_KEY_UISupportedInterfaceOrientations_iPad = "UIInterfaceOrientationPortrait UIInterfaceOrientationPortraitUpsideDown UIInterfaceOrientationLandscapeLeft UIInterfaceOrientationLandscapeRight";
				INFOPLIST_KEY_UISupportedInterfaceOrientations_iPhone = "UIInterfaceOrientationPortrait UIInterfaceOrientationLandscapeLeft UIInterfaceOrientationLandscapeRight";
				LD_RUNPATH_SEARCH_PATHS = (
					"$(inherited)",
					"@executable_path/Frameworks",
				);
				MARKETING_VERSION = 1.0;
				PRODUCT_BUNDLE_IDENTIFIER = "com.docilealligator.Infinity-for-Reddit";
				PRODUCT_NAME = "$(TARGET_NAME)";
				SWIFT_EMIT_LOC_STRINGS = YES;
				SWIFT_VERSION = 5.0;
				TARGETED_DEVICE_FAMILY = "1,2";
			};
			name = Release;
		};
		559BD25D2CF7D58600621685 /* Debug */ = {
			isa = XCBuildConfiguration;
			buildSettings = {
				BUNDLE_LOADER = "$(TEST_HOST)";
				CODE_SIGN_STYLE = Automatic;
				CURRENT_PROJECT_VERSION = 1;
				GENERATE_INFOPLIST_FILE = YES;
				IPHONEOS_DEPLOYMENT_TARGET = 18.1;
				MARKETING_VERSION = 1.0;
				PRODUCT_BUNDLE_IDENTIFIER = "com.docilealligator.Infinity-for-RedditTests";
				PRODUCT_NAME = "$(TARGET_NAME)";
				SWIFT_EMIT_LOC_STRINGS = NO;
				SWIFT_VERSION = 5.0;
				TARGETED_DEVICE_FAMILY = "1,2";
				TEST_HOST = "$(BUILT_PRODUCTS_DIR)/Infinity for Reddit.app/$(BUNDLE_EXECUTABLE_FOLDER_PATH)/Infinity for Reddit";
			};
			name = Debug;
		};
		559BD25E2CF7D58600621685 /* Release */ = {
			isa = XCBuildConfiguration;
			buildSettings = {
				BUNDLE_LOADER = "$(TEST_HOST)";
				CODE_SIGN_STYLE = Automatic;
				CURRENT_PROJECT_VERSION = 1;
				GENERATE_INFOPLIST_FILE = YES;
				IPHONEOS_DEPLOYMENT_TARGET = 18.1;
				MARKETING_VERSION = 1.0;
				PRODUCT_BUNDLE_IDENTIFIER = "com.docilealligator.Infinity-for-RedditTests";
				PRODUCT_NAME = "$(TARGET_NAME)";
				SWIFT_EMIT_LOC_STRINGS = NO;
				SWIFT_VERSION = 5.0;
				TARGETED_DEVICE_FAMILY = "1,2";
				TEST_HOST = "$(BUILT_PRODUCTS_DIR)/Infinity for Reddit.app/$(BUNDLE_EXECUTABLE_FOLDER_PATH)/Infinity for Reddit";
			};
			name = Release;
		};
		559BD2602CF7D58600621685 /* Debug */ = {
			isa = XCBuildConfiguration;
			buildSettings = {
				CODE_SIGN_STYLE = Automatic;
				CURRENT_PROJECT_VERSION = 1;
				GENERATE_INFOPLIST_FILE = YES;
				MARKETING_VERSION = 1.0;
				PRODUCT_BUNDLE_IDENTIFIER = "com.docilealligator.Infinity-for-RedditUITests";
				PRODUCT_NAME = "$(TARGET_NAME)";
				SWIFT_EMIT_LOC_STRINGS = NO;
				SWIFT_VERSION = 5.0;
				TARGETED_DEVICE_FAMILY = "1,2";
				TEST_TARGET_NAME = "Infinity for Reddit";
			};
			name = Debug;
		};
		559BD2612CF7D58600621685 /* Release */ = {
			isa = XCBuildConfiguration;
			buildSettings = {
				CODE_SIGN_STYLE = Automatic;
				CURRENT_PROJECT_VERSION = 1;
				GENERATE_INFOPLIST_FILE = YES;
				MARKETING_VERSION = 1.0;
				PRODUCT_BUNDLE_IDENTIFIER = "com.docilealligator.Infinity-for-RedditUITests";
				PRODUCT_NAME = "$(TARGET_NAME)";
				SWIFT_EMIT_LOC_STRINGS = NO;
				SWIFT_VERSION = 5.0;
				TARGETED_DEVICE_FAMILY = "1,2";
				TEST_TARGET_NAME = "Infinity for Reddit";
			};
			name = Release;
		};
/* End XCBuildConfiguration section */

/* Begin XCConfigurationList section */
		559BD22E2CF7D58500621685 /* Build configuration list for PBXProject "Infinity for Reddit" */ = {
			isa = XCConfigurationList;
			buildConfigurations = (
				559BD2572CF7D58600621685 /* Debug */,
				559BD2582CF7D58600621685 /* Release */,
			);
			defaultConfigurationIsVisible = 0;
			defaultConfigurationName = Release;
		};
		559BD2592CF7D58600621685 /* Build configuration list for PBXNativeTarget "Infinity for Reddit" */ = {
			isa = XCConfigurationList;
			buildConfigurations = (
				559BD25A2CF7D58600621685 /* Debug */,
				559BD25B2CF7D58600621685 /* Release */,
			);
			defaultConfigurationIsVisible = 0;
			defaultConfigurationName = Release;
		};
		559BD25C2CF7D58600621685 /* Build configuration list for PBXNativeTarget "Infinity for RedditTests" */ = {
			isa = XCConfigurationList;
			buildConfigurations = (
				559BD25D2CF7D58600621685 /* Debug */,
				559BD25E2CF7D58600621685 /* Release */,
			);
			defaultConfigurationIsVisible = 0;
			defaultConfigurationName = Release;
		};
		559BD25F2CF7D58600621685 /* Build configuration list for PBXNativeTarget "Infinity for RedditUITests" */ = {
			isa = XCConfigurationList;
			buildConfigurations = (
				559BD2602CF7D58600621685 /* Debug */,
				559BD2612CF7D58600621685 /* Release */,
			);
			defaultConfigurationIsVisible = 0;
			defaultConfigurationName = Release;
		};
/* End XCConfigurationList section */

/* Begin XCRemoteSwiftPackageReference section */
		55155ADF2CFD5BCF003D5F14 /* XCRemoteSwiftPackageReference "GRDB.swift" */ = {
			isa = XCRemoteSwiftPackageReference;
			repositoryURL = "https://github.com/groue/GRDB.swift.git";
			requirement = {
				kind = exactVersion;
				version = 6.29.3;
			};
		};
		555F0B822D07AD53003A1CA7 /* XCRemoteSwiftPackageReference "SDWebImageSwiftUI" */ = {
			isa = XCRemoteSwiftPackageReference;
			repositoryURL = "https://github.com/SDWebImage/SDWebImageSwiftUI.git";
			requirement = {
				kind = upToNextMajorVersion;
				minimumVersion = 3.1.3;
			};
		};
		5588B8532E0A30A1004CDAA2 /* XCRemoteSwiftPackageReference "swift-identified-collections" */ = {
			isa = XCRemoteSwiftPackageReference;
			repositoryURL = "https://github.com/pointfreeco/swift-identified-collections.git";
			requirement = {
				kind = upToNextMajorVersion;
				minimumVersion = 1.1.1;
			};
		};
		55949B862CFA7EAD002D1C46 /* XCRemoteSwiftPackageReference "Swinject" */ = {
			isa = XCRemoteSwiftPackageReference;
			repositoryURL = "https://github.com/Swinject/Swinject.git";
			requirement = {
				kind = upToNextMajorVersion;
				minimumVersion = 2.9.1;
			};
		};
		55AAB5302D3A9E3E006816B2 /* XCRemoteSwiftPackageReference "swift-markdown-ui" */ = {
			isa = XCRemoteSwiftPackageReference;
			repositoryURL = "https://github.com/Docile-Alligator/swift-markdown-ui.git";
			requirement = {
				branch = main;
				kind = branch;
			};
		};
		55C7421D2CFD1E4300853D4E /* XCRemoteSwiftPackageReference "SwiftyJSON" */ = {
			isa = XCRemoteSwiftPackageReference;
			repositoryURL = "https://github.com/SwiftyJSON/SwiftyJSON.git";
			requirement = {
				kind = upToNextMajorVersion;
				minimumVersion = 5.0.2;
			};
		};
		824357B02CFCFF1A0091EFF1 /* XCRemoteSwiftPackageReference "Alamofire" */ = {
			isa = XCRemoteSwiftPackageReference;
			repositoryURL = "https://github.com/Alamofire/Alamofire.git";
			requirement = {
				kind = upToNextMajorVersion;
				minimumVersion = 5.10.2;
			};
		};
/* End XCRemoteSwiftPackageReference section */

/* Begin XCSwiftPackageProductDependency section */
		55155AE02CFD5BCF003D5F14 /* GRDB */ = {
			isa = XCSwiftPackageProductDependency;
			package = 55155ADF2CFD5BCF003D5F14 /* XCRemoteSwiftPackageReference "GRDB.swift" */;
			productName = GRDB;
		};
		555F0B832D07AD53003A1CA7 /* SDWebImageSwiftUI */ = {
			isa = XCSwiftPackageProductDependency;
			package = 555F0B822D07AD53003A1CA7 /* XCRemoteSwiftPackageReference "SDWebImageSwiftUI" */;
			productName = SDWebImageSwiftUI;
		};
		5588B8542E0A30A1004CDAA2 /* IdentifiedCollections */ = {
			isa = XCSwiftPackageProductDependency;
			package = 5588B8532E0A30A1004CDAA2 /* XCRemoteSwiftPackageReference "swift-identified-collections" */;
			productName = IdentifiedCollections;
		};
		55949B872CFA7EAD002D1C46 /* Swinject */ = {
			isa = XCSwiftPackageProductDependency;
			package = 55949B862CFA7EAD002D1C46 /* XCRemoteSwiftPackageReference "Swinject" */;
			productName = Swinject;
		};
		55AAB5312D3A9E3E006816B2 /* MarkdownUI */ = {
			isa = XCSwiftPackageProductDependency;
			package = 55AAB5302D3A9E3E006816B2 /* XCRemoteSwiftPackageReference "swift-markdown-ui" */;
			productName = MarkdownUI;
		};
		55C7421E2CFD1E4300853D4E /* SwiftyJSON */ = {
			isa = XCSwiftPackageProductDependency;
			package = 55C7421D2CFD1E4300853D4E /* XCRemoteSwiftPackageReference "SwiftyJSON" */;
			productName = SwiftyJSON;
		};
		824357B12CFCFF1A0091EFF1 /* Alamofire */ = {
			isa = XCSwiftPackageProductDependency;
			package = 824357B02CFCFF1A0091EFF1 /* XCRemoteSwiftPackageReference "Alamofire" */;
			productName = Alamofire;
		};
/* End XCSwiftPackageProductDependency section */
	};
	rootObject = 559BD22B2CF7D58500621685 /* Project object */;
}
